# This file is autogenerated, do not edit; changes may be undone by the next 'dep ensure'.


[[projects]]
  branch = "master"
  name = "github.com/julienschmidt/httprouter"
  packages = ["."]
  revision = "4563b0ba73e4db6c6423b60a26f3cadd2e9a1ec9"

[[projects]]
  branch = "master"
  name = "github.com/yuin/gopher-lua"
  packages = [
    ".",
    "ast",
    "parse",
    "pm"
  ]
  revision = "2243d714d6c94951d8ccca8c851836ff47d401c9"

[[projects]]
  branch = "master"
  name = "golang.org/x/net"
  packages = ["context"]
  revision = "455220fa52c866a8aa14ff5e8cc68cde16b8395e"

[solve-meta]
  analyzer-name = "dep"
  analyzer-version = 1
  inputs-digest = "7263609a8439d8974e880f18514111bf562d350606d8aba11bf4e5b7ed84a6f1"
  solver-name = "gps-cdcl"
  solver-version = 1
